{
  "name": "buildplan-pro-structured",
  "version": "0.24.0",
  "lockfileVersion": 3,
  "requires": true,
  "packages": {
    "": {
      "name": "buildplan-pro-structured",
      "version": "0.24.0",
      "dependencies": {
        "@fontsource/ibm-plex-sans-thai": "^5.2.8"
      },
      "devDependencies": {}
    },
    "node_modules/@fontsource/ibm-plex-sans-thai": {
      "version": "5.2.8",
      "resolved": "https://registry.npmjs.org/@fontsource/ibm-plex-sans-thai/-/ibm-plex-sans-thai-5.2.8.tgz",
      "integrity": "sha512-pddJU1HCjtqbXRcyCnbEJ8UV8pQQuUo23Hxjvdwr0DBibtUra66MVsFMDP/Et/Su5P2VeQAgalACZOCEkWaReA==",
      "license": "OFL-1.1",
      "funding": {
        "url": "https://github.com/sponsors/ayuhito"
      }
    }
  }
}
